PODS:
  - AcknowList (1.8)
  - Crashlytics (3.12.0):
    - Fabric (~> 1.9.0)
  - Fabric (1.9.0)
  - ParallaxView (2.0.8)
  - Realm (3.13.1):
    - Realm/Headers (= 3.13.1)
  - Realm/Headers (3.13.1)
  - RealmSwift (3.13.1):
    - Realm (= 3.13.1)
  - TinyConstraints (3.3.1)

DEPENDENCIES:
  - AcknowList (~> 1.7)
  - Crashlytics
  - Fabric
  - ParallaxView
  - RealmSwift
  - TinyConstraints

SPEC REPOS:
  https://github.com/cocoapods/specs.git:
    - AcknowList
    - Crashlytics
    - Fabric
    - ParallaxView
    - Realm
    - RealmSwift
    - TinyConstraints

SPEC CHECKSUMS:
  AcknowList: 5b8820004d019d0a8d6a091ea2392dcb54bd3ad2
  Crashlytics: 07fb167b1694128c1c9a5a5cc319b0e9c3ca0933
  Fabric: f988e33c97f08930a413e08123064d2e5f68d655
  ParallaxView: c2df9e49ab58cd8e0cd0b9d449a211d6f76fd53f
  Realm: 50071da38fe079e0735e47c9f2eae738c68c5996
  RealmSwift: 8a1e6a02b7a08cd17a31e3115143fb69fe5f3fb9
  TinyConstraints: dbf7519aefc01ea59d62244300c7718aec68e280

PODFILE CHECKSUM: b905803cc623be724ab783fcfe2e4662e4d6b760

COCOAPODS: 1.6.1
